
Microsoft Visual Studio Solution File, Format Version 12.00
# Visual Studio Version 16
VisualStudioVersion = 16.0.29123.88
MinimumVisualStudioVersion = 10.0.40219.1
Project("{9A19103F-16F7-4668-BE54-9A1E7A4F7556}") = "Sharprompt", "Sharprompt\Sharprompt.csproj", "{32B1CF1F-4683-4B04-B435-424EC5EE0E40}"
EndProject
Project("{9A19103F-16F7-4668-BE54-9A1E7A4F7556}") = "Sharprompt.Example", "Sharprompt.Example\Sharprompt.Example.csproj", "{8E8C45F4-6B12-42F9-B2EA-E0E3EBC4BCB2}"
EndProject
Global
	GlobalSection(SolutionConfigurationPlatforms) = preSolution
		Debug|Any CPU = Debug|Any CPU
		Release|Any CPU = Release|Any CPU
	EndGlobalSection
	GlobalSection(ProjectConfigurationPlatforms) = postSolution
		{32B1CF1F-4683-4B04-B435-424EC5EE0E40}.Debug|Any CPU.ActiveCfg = Debug|Any CPU
		{32B1CF1F-4683-4B04-B435-424EC5EE0E40}.Debug|Any CPU.Build.0 = Debug|Any CPU
		{32B1CF1F-4683-4B04-B435-424EC5EE0E40}.Release|Any CPU.ActiveCfg = Release|Any CPU
		{32B1CF1F-4683-4B04-B435-424EC5EE0E40}.Release|Any CPU.Build.0 = Release|Any CPU
		{8E8C45F4-6B12-42F9-B2EA-E0E3EBC4BCB2}.Debug|Any CPU.ActiveCfg = Debug|Any CPU
		{8E8C45F4-6B12-42F9-B2EA-E0E3EBC4BCB2}.Debug|Any CPU.Build.0 = Debug|Any CPU
		{8E8C45F4-6B12-42F9-B2EA-E0E3EBC4BCB2}.Release|Any CPU.ActiveCfg = Release|Any CPU
		{8E8C45F4-6B12-42F9-B2EA-E0E3EBC4BCB2}.Release|Any CPU.Build.0 = Release|Any CPU
	EndGlobalSection
	GlobalSection(SolutionProperties) = preSolution
		HideSolutionNode = FALSE
	EndGlobalSection
	GlobalSection(ExtensibilityGlobals) = postSolution
		SolutionGuid = {76E7FD3B-AB85-4725-8FCB-6113272E0BCD}
	EndGlobalSection
EndGlobal
