<Solution>
  <Project Path="samples/Sharprompt.Example/Sharprompt.Example.csproj" />
  <Project Path="src/Sharprompt.SourceGenerator/Sharprompt.SourceGenerator.csproj" />
  <Project Path="tests/Sharprompt.Tests/Sharprompt.Tests.csproj" />
  <Project Path="src/Sharprompt/Sharprompt.csproj" />
</Solution>
